# This file is automatically @generated by Cargo.
# It is not intended for manual editing.
version = 4

[[package]]
name = "ryvex-app"
version = "0.1.0"
dependencies = [
 "ryvex-core",
 "ryvex-target",
 "ryvex-tui",
 "ryvex-ui",
]

[[package]]
name = "ryvex-core"
version = "0.1.0"
dependencies = [
 "ryvex-target",
]

[[package]]
name = "ryvex-target"
version = "0.1.0"
dependencies = [
 "ryvex-ui",
]

[[package]]
name = "ryvex-tui"
version = "0.1.0"
dependencies = [
 "ryvex-target",
 "ryvex-ui",
]

[[package]]
name = "ryvex-ui"
version = "0.1.0"
